
Microsoft Visual Studio Solution File, Format Version 12.00
# Visual Studio 15
Project("{FAE04EC0-301F-11D3-BF4B-00C04F79EFBC}") = "mycorners.Android", "mycorners.Android\mycorners.Android.csproj", "{B43806AA-F593-4A44-AF75-D9BF79B87DFE}"
EndProject
Project("{FAE04EC0-301F-11D3-BF4B-00C04F79EFBC}") = "mycorners.iOS", "mycorners.iOS\mycorners.iOS.csproj", "{EEC2CBB9-A4DC-4BE6-B4D7-C4C1545C09AC}"
EndProject
Project("{FAE04EC0-301F-11D3-BF4B-00C04F79EFBC}") = "mycorners", "mycorners\mycorners.csproj", "{42E57403-CBB1-4FA0-A863-8AE0F607E1D2}"
EndProject
Global
	GlobalSection(SolutionConfigurationPlatforms) = preSolution
		Debug|Any CPU = Debug|Any CPU
		Release|Any CPU = Release|Any CPU
		Debug|iPhoneSimulator = Debug|iPhoneSimulator
		Release|iPhoneSimulator = Release|iPhoneSimulator
		Debug|iPhone = Debug|iPhone
		Release|iPhone = Release|iPhone
		Ad-Hoc|iPhone = Ad-Hoc|iPhone
		AppStore|iPhone = AppStore|iPhone
	EndGlobalSection
	GlobalSection(ProjectConfigurationPlatforms) = postSolution
		{B43806AA-F593-4A44-AF75-D9BF79B87DFE}.Debug|Any CPU.ActiveCfg = Debug|Any CPU
		{B43806AA-F593-4A44-AF75-D9BF79B87DFE}.Debug|Any CPU.Build.0 = Debug|Any CPU
		{B43806AA-F593-4A44-AF75-D9BF79B87DFE}.Release|Any CPU.ActiveCfg = Release|Any CPU
		{B43806AA-F593-4A44-AF75-D9BF79B87DFE}.Release|Any CPU.Build.0 = Release|Any CPU
		{B43806AA-F593-4A44-AF75-D9BF79B87DFE}.Debug|iPhoneSimulator.ActiveCfg = Debug|Any CPU
		{B43806AA-F593-4A44-AF75-D9BF79B87DFE}.Debug|iPhoneSimulator.Build.0 = Debug|Any CPU
		{B43806AA-F593-4A44-AF75-D9BF79B87DFE}.Release|iPhoneSimulator.ActiveCfg = Release|Any CPU
		{B43806AA-F593-4A44-AF75-D9BF79B87DFE}.Release|iPhoneSimulator.Build.0 = Release|Any CPU
		{B43806AA-F593-4A44-AF75-D9BF79B87DFE}.Debug|iPhone.ActiveCfg = Debug|Any CPU
		{B43806AA-F593-4A44-AF75-D9BF79B87DFE}.Debug|iPhone.Build.0 = Debug|Any CPU
		{B43806AA-F593-4A44-AF75-D9BF79B87DFE}.Release|iPhone.ActiveCfg = Release|Any CPU
		{B43806AA-F593-4A44-AF75-D9BF79B87DFE}.Release|iPhone.Build.0 = Release|Any CPU
		{B43806AA-F593-4A44-AF75-D9BF79B87DFE}.Ad-Hoc|iPhone.ActiveCfg = Debug|Any CPU
		{B43806AA-F593-4A44-AF75-D9BF79B87DFE}.Ad-Hoc|iPhone.Build.0 = Debug|Any CPU
		{B43806AA-F593-4A44-AF75-D9BF79B87DFE}.AppStore|iPhone.ActiveCfg = Debug|Any CPU
		{B43806AA-F593-4A44-AF75-D9BF79B87DFE}.AppStore|iPhone.Build.0 = Debug|Any CPU
		{EEC2CBB9-A4DC-4BE6-B4D7-C4C1545C09AC}.Debug|Any CPU.ActiveCfg = Debug|iPhoneSimulator
		{EEC2CBB9-A4DC-4BE6-B4D7-C4C1545C09AC}.Debug|Any CPU.Build.0 = Debug|iPhoneSimulator
		{EEC2CBB9-A4DC-4BE6-B4D7-C4C1545C09AC}.Release|Any CPU.ActiveCfg = Release|iPhoneSimulator
		{EEC2CBB9-A4DC-4BE6-B4D7-C4C1545C09AC}.Release|Any CPU.Build.0 = Release|iPhoneSimulator
		{EEC2CBB9-A4DC-4BE6-B4D7-C4C1545C09AC}.Debug|iPhoneSimulator.ActiveCfg = Debug|iPhoneSimulator
		{EEC2CBB9-A4DC-4BE6-B4D7-C4C1545C09AC}.Debug|iPhoneSimulator.Build.0 = Debug|iPhoneSimulator
		{EEC2CBB9-A4DC-4BE6-B4D7-C4C1545C09AC}.Release|iPhoneSimulator.ActiveCfg = Release|iPhoneSimulator
		{EEC2CBB9-A4DC-4BE6-B4D7-C4C1545C09AC}.Release|iPhoneSimulator.Build.0 = Release|iPhoneSimulator
		{EEC2CBB9-A4DC-4BE6-B4D7-C4C1545C09AC}.Debug|iPhone.ActiveCfg = Debug|iPhone
		{EEC2CBB9-A4DC-4BE6-B4D7-C4C1545C09AC}.Debug|iPhone.Build.0 = Debug|iPhone
		{EEC2CBB9-A4DC-4BE6-B4D7-C4C1545C09AC}.Release|iPhone.ActiveCfg = Release|iPhone
		{EEC2CBB9-A4DC-4BE6-B4D7-C4C1545C09AC}.Release|iPhone.Build.0 = Release|iPhone
		{EEC2CBB9-A4DC-4BE6-B4D7-C4C1545C09AC}.Ad-Hoc|iPhone.ActiveCfg = Ad-Hoc|iPhone
		{EEC2CBB9-A4DC-4BE6-B4D7-C4C1545C09AC}.Ad-Hoc|iPhone.Build.0 = Ad-Hoc|iPhone
		{EEC2CBB9-A4DC-4BE6-B4D7-C4C1545C09AC}.AppStore|iPhone.ActiveCfg = AppStore|iPhone
		{EEC2CBB9-A4DC-4BE6-B4D7-C4C1545C09AC}.AppStore|iPhone.Build.0 = AppStore|iPhone
		{42E57403-CBB1-4FA0-A863-8AE0F607E1D2}.Debug|Any CPU.ActiveCfg = Debug|Any CPU
		{42E57403-CBB1-4FA0-A863-8AE0F607E1D2}.Debug|Any CPU.Build.0 = Debug|Any CPU
		{42E57403-CBB1-4FA0-A863-8AE0F607E1D2}.Release|Any CPU.ActiveCfg = Release|Any CPU
		{42E57403-CBB1-4FA0-A863-8AE0F607E1D2}.Release|Any CPU.Build.0 = Release|Any CPU
		{42E57403-CBB1-4FA0-A863-8AE0F607E1D2}.Debug|iPhoneSimulator.ActiveCfg = Debug|Any CPU
		{42E57403-CBB1-4FA0-A863-8AE0F607E1D2}.Debug|iPhoneSimulator.Build.0 = Debug|Any CPU
		{42E57403-CBB1-4FA0-A863-8AE0F607E1D2}.Release|iPhoneSimulator.ActiveCfg = Release|Any CPU
		{42E57403-CBB1-4FA0-A863-8AE0F607E1D2}.Release|iPhoneSimulator.Build.0 = Release|Any CPU
		{42E57403-CBB1-4FA0-A863-8AE0F607E1D2}.Debug|iPhone.ActiveCfg = Debug|Any CPU
		{42E57403-CBB1-4FA0-A863-8AE0F607E1D2}.Debug|iPhone.Build.0 = Debug|Any CPU
		{42E57403-CBB1-4FA0-A863-8AE0F607E1D2}.Release|iPhone.ActiveCfg = Release|Any CPU
		{42E57403-CBB1-4FA0-A863-8AE0F607E1D2}.Release|iPhone.Build.0 = Release|Any CPU
		{42E57403-CBB1-4FA0-A863-8AE0F607E1D2}.Ad-Hoc|iPhone.ActiveCfg = Debug|Any CPU
		{42E57403-CBB1-4FA0-A863-8AE0F607E1D2}.Ad-Hoc|iPhone.Build.0 = Debug|Any CPU
		{42E57403-CBB1-4FA0-A863-8AE0F607E1D2}.AppStore|iPhone.ActiveCfg = Debug|Any CPU
		{42E57403-CBB1-4FA0-A863-8AE0F607E1D2}.AppStore|iPhone.Build.0 = Debug|Any CPU
	EndGlobalSection
EndGlobal
